// !$*UTF8*$!
{
	archiveVersion = 1;
	classes = {
	};
	objectVersion = 50;
	objects = {

/* Begin PBXBuildFile section */
		E21FEC0C23C8AA8200B9CFD9 /* AppDelegate.swift in Sources */ = {isa = PBXBuildFile; fileRef = E21FEC0B23C8AA8200B9CFD9 /* AppDelegate.swift */; };
		E21FEC0E23C8AA8200B9CFD9 /* SceneDelegate.swift in Sources */ = {isa = PBXBuildFile; fileRef = E21FEC0D23C8AA8200B9CFD9 /* SceneDelegate.swift */; };
		E21FEC1023C8AA8200B9CFD9 /* ViewController.swift in Sources */ = {isa = PBXBuildFile; fileRef = E21FEC0F23C8AA8200B9CFD9 /* ViewController.swift */; };
		E21FEC1323C8AA8200B9CFD9 /* Main.storyboard in Resources */ = {isa = PBXBuildFile; fileRef = E21FEC1123C8AA8200B9CFD9 /* Main.storyboard */; };
		E21FEC1523C8AA8400B9CFD9 /* Assets.xcassets in Resources */ = {isa = PBXBuildFile; fileRef = E21FEC1423C8AA8400B9CFD9 /* Assets.xcassets */; };
		E21FEC1823C8AA8400B9CFD9 /* LaunchScreen.storyboard in Resources */ = {isa = PBXBuildFile; fileRef = E21FEC1623C8AA8400B9CFD9 /* LaunchScreen.storyboard */; };
		E21FEC2323C8AA8400B9CFD9 /* SimpleMathGameTests.swift in Sources */ = {isa = PBXBuildFile; fileRef = E21FEC2223C8AA8400B9CFD9 /* SimpleMathGameTests.swift */; };
		E21FEC2E23C8AA8400B9CFD9 /* SimpleMathGameUITests.swift in Sources */ = {isa = PBXBuildFile; fileRef = E21FEC2D23C8AA8400B9CFD9 /* SimpleMathGameUITests.swift */; };
/* End PBXBuildFile section */

/* Begin PBXContainerItemProxy section */
		E21FEC1F23C8AA8400B9CFD9 /* PBXContainerItemProxy */ = {
			isa = PBXContainerItemProxy;
			containerPortal = E21FEC0023C8AA8100B9CFD9 /* Project object */;
			proxyType = 1;
			remoteGlobalIDString = E21FEC0723C8AA8100B9CFD9;
			remoteInfo = SimpleMathGame;
		};
		E21FEC2A23C8AA8400B9CFD9 /* PBXContainerItemProxy */ = {
			isa = PBXContainerItemProxy;
			containerPortal = E21FEC0023C8AA8100B9CFD9 /* Project object */;
			proxyType = 1;
			remoteGlobalIDString = E21FEC0723C8AA8100B9CFD9;
			remoteInfo = SimpleMathGame;
		};
/* End PBXContainerItemProxy section */

/* Begin PBXFileReference section */
		E21FEC0823C8AA8100B9CFD9 /* SimpleMathGame.app */ = {isa = PBXFileReference; explicitFileType = wrapper.application; includeInIndex = 0; path = SimpleMathGame.app; sourceTree = BUILT_PRODUCTS_DIR; };
		E21FEC0B23C8AA8200B9CFD9 /* AppDelegate.swift */ = {isa = PBXFileReference; lastKnownFileType = sourcecode.swift; path = AppDelegate.swift; sourceTree = "<group>"; };
		E21FEC0D23C8AA8200B9CFD9 /* SceneDelegate.swift */ = {isa = PBXFileReference; lastKnownFileType = sourcecode.swift; path = SceneDelegate.swift; sourceTree = "<group>"; };
		E21FEC0F23C8AA8200B9CFD9 /* ViewController.swift */ = {isa = PBXFileReference; lastKnownFileType = sourcecode.swift; path = ViewController.swift; sourceTree = "<group>"; };
		E21FEC1223C8AA8200B9CFD9 /* Base */ = {isa = PBXFileReference; lastKnownFileType = file.storyboard; name = Base; path = Base.lproj/Main.storyboard; sourceTree = "<group>"; };
		E21FEC1423C8AA8400B9CFD9 /* Assets.xcassets */ = {isa = PBXFileReference; lastKnownFileType = folder.assetcatalog; path = Assets.xcassets; sourceTree = "<group>"; };
		E21FEC1723C8AA8400B9CFD9 /* Base */ = {isa = PBXFileReference; lastKnownFileType = file.storyboard; name = Base; path = Base.lproj/LaunchScreen.storyboard; sourceTree = "<group>"; };
		E21FEC1923C8AA8400B9CFD9 /* Info.plist */ = {isa = PBXFileReference; lastKnownFileType = text.plist.xml; path = Info.plist; sourceTree = "<group>"; };
		E21FEC1E23C8AA8400B9CFD9 /* SimpleMathGameTests.xctest */ = {isa = PBXFileReference; explicitFileType = wrapper.cfbundle; includeInIndex = 0; path = SimpleMathGameTests.xctest; sourceTree = BUILT_PRODUCTS_DIR; };
		E21FEC2223C8AA8400B9CFD9 /* SimpleMathGameTests.swift */ = {isa = PBXFileReference; lastKnownFileType = sourcecode.swift; path = SimpleMathGameTests.swift; sourceTree = "<group>"; };
		E21FEC2423C8AA8400B9CFD9 /* Info.plist */ = {isa = PBXFileReference; lastKnownFileType = text.plist.xml; path = Info.plist; sourceTree = "<group>"; };
		E21FEC2923C8AA8400B9CFD9 /* SimpleMathGameUITests.xctest */ = {isa = PBXFileReference; explicitFileType = wrapper.cfbundle; includeInIndex = 0; path = SimpleMathGameUITests.xctest; sourceTree = BUILT_PRODUCTS_DIR; };
		E21FEC2D23C8AA8400B9CFD9 /* SimpleMathGameUITests.swift */ = {isa = PBXFileReference; lastKnownFileType = sourcecode.swift; path = SimpleMathGameUITests.swift; sourceTree = "<group>"; };
		E21FEC2F23C8AA8400B9CFD9 /* Info.plist */ = {isa = PBXFileReference; lastKnownFileType = text.plist.xml; path = Info.plist; sourceTree = "<group>"; };
/* End PBXFileReference section */

/* Begin PBXFrameworksBuildPhase section */
		E21FEC0523C8AA8100B9CFD9 /* Frameworks */ = {
			isa = PBXFrameworksBuildPhase;
			buildActionMask = 2147483647;
			files = (
			);
			runOnlyForDeploymentPostprocessing = 0;
		};
		E21FEC1B23C8AA8400B9CFD9 /* Frameworks */ = {
			isa = PBXFrameworksBuildPhase;
			buildActionMask = 2147483647;
			files = (
			);
			runOnlyForDeploymentPostprocessing = 0;
		};
		E21FEC2623C8AA8400B9CFD9 /* Frameworks */ = {
			isa = PBXFrameworksBuildPhase;
			buildActionMask = 2147483647;
			files = (
			);
			runOnlyForDeploymentPostprocessing = 0;
		};
/* End PBXFrameworksBuildPhase section */

/* Begin PBXGroup section */
		E21FEBFF23C8AA8100B9CFD9 = {
			isa = PBXGroup;
			children = (
				E21FEC0A23C8AA8100B9CFD9 /* SimpleMathGame */,
				E21FEC2123C8AA8400B9CFD9 /* SimpleMathGameTests */,
				E21FEC2C23C8AA8400B9CFD9 /* SimpleMathGameUITests */,
				E21FEC0923C8AA8100B9CFD9 /* Products */,
			);
			sourceTree = "<group>";
		};
		E21FEC0923C8AA8100B9CFD9 /* Products */ = {
			isa = PBXGroup;
			children = (
				E21FEC0823C8AA8100B9CFD9 /* SimpleMathGame.app */,
				E21FEC1E23C8AA8400B9CFD9 /* SimpleMathGameTests.xctest */,
				E21FEC2923C8AA8400B9CFD9 /* SimpleMathGameUITests.xctest */,
			);
			name = Products;
			sourceTree = "<group>";
		};
		E21FEC0A23C8AA8100B9CFD9 /* SimpleMathGame */ = {
			isa = PBXGroup;
			children = (
				E21FEC0B23C8AA8200B9CFD9 /* AppDelegate.swift */,
				E21FEC0D23C8AA8200B9CFD9 /* SceneDelegate.swift */,
				E21FEC0F23C8AA8200B9CFD9 /* ViewController.swift */,
				E21FEC1123C8AA8200B9CFD9 /* Main.storyboard */,
				E21FEC1423C8AA8400B9CFD9 /* Assets.xcassets */,
				E21FEC1623C8AA8400B9CFD9 /* LaunchScreen.storyboard */,
				E21FEC1923C8AA8400B9CFD9 /* Info.plist */,
			);
			path = SimpleMathGame;
			sourceTree = "<group>";
		};
		E21FEC2123C8AA8400B9CFD9 /* SimpleMathGameTests */ = {
			isa = PBXGroup;
			children = (
				E21FEC2223C8AA8400B9CFD9 /* SimpleMathGameTests.swift */,
				E21FEC2423C8AA8400B9CFD9 /* Info.plist */,
			);
			path = SimpleMathGameTests;
			sourceTree = "<group>";
		};
		E21FEC2C23C8AA8400B9CFD9 /* SimpleMathGameUITests */ = {
			isa = PBXGroup;
			children = (
				E21FEC2D23C8AA8400B9CFD9 /* SimpleMathGameUITests.swift */,
				E21FEC2F23C8AA8400B9CFD9 /* Info.plist */,
			);
			path = SimpleMathGameUITests;
			sourceTree = "<group>";
		};
/* End PBXGroup section */

/* Begin PBXNativeTarget section */
		E21FEC0723C8AA8100B9CFD9 /* SimpleMathGame */ = {
			isa = PBXNativeTarget;
			buildConfigurationList = E21FEC3223C8AA8400B9CFD9 /* Build configuration list for PBXNativeTarget "SimpleMathGame" */;
			buildPhases = (
				E21FEC0423C8AA8100B9CFD9 /* Sources */,
				E21FEC0523C8AA8100B9CFD9 /* Frameworks */,
				E21FEC0623C8AA8100B9CFD9 /* Resources */,
			);
			buildRules = (
			);
			dependencies = (
			);
			name = SimpleMathGame;
			productName = SimpleMathGame;
			productReference = E21FEC0823C8AA8100B9CFD9 /* SimpleMathGame.app */;
			productType = "com.apple.product-type.application";
		};
		E21FEC1D23C8AA8400B9CFD9 /* SimpleMathGameTests */ = {
			isa = PBXNativeTarget;
			buildConfigurationList = E21FEC3523C8AA8400B9CFD9 /* Build configuration list for PBXNativeTarget "SimpleMathGameTests" */;
			buildPhases = (
				E21FEC1A23C8AA8400B9CFD9 /* Sources */,
				E21FEC1B23C8AA8400B9CFD9 /* Frameworks */,
				E21FEC1C23C8AA8400B9CFD9 /* Resources */,
			);
			buildRules = (
			);
			dependencies = (
				E21FEC2023C8AA8400B9CFD9 /* PBXTargetDependency */,
			);
			name = SimpleMathGameTests;
			productName = SimpleMathGameTests;
			productReference = E21FEC1E23C8AA8400B9CFD9 /* SimpleMathGameTests.xctest */;
			productType = "com.apple.product-type.bundle.unit-test";
		};
		E21FEC2823C8AA8400B9CFD9 /* SimpleMathGameUITests */ = {
			isa = PBXNativeTarget;
			buildConfigurationList = E21FEC3823C8AA8400B9CFD9 /* Build configuration list for PBXNativeTarget "SimpleMathGameUITests" */;
			buildPhases = (
				E21FEC2523C8AA8400B9CFD9 /* Sources */,
				E21FEC2623C8AA8400B9CFD9 /* Frameworks */,
				E21FEC2723C8AA8400B9CFD9 /* Resources */,
			);
			buildRules = (
			);
			dependencies = (
				E21FEC2B23C8AA8400B9CFD9 /* PBXTargetDependency */,
			);
			name = SimpleMathGameUITests;
			productName = SimpleMathGameUITests;
			productReference = E21FEC2923C8AA8400B9CFD9 /* SimpleMathGameUITests.xctest */;
			productType = "com.apple.product-type.bundle.ui-testing";
		};
/* End PBXNativeTarget section */

/* Begin PBXProject section */
		E21FEC0023C8AA8100B9CFD9 /* Project object */ = {
			isa = PBXProject;
			attributes = {
				LastSwiftUpdateCheck = 1130;
				LastUpgradeCheck = 1130;
				ORGANIZATIONNAME = "Shafigh Khalili";
				TargetAttributes = {
					E21FEC0723C8AA8100B9CFD9 = {
						CreatedOnToolsVersion = 11.3;
					};
					E21FEC1D23C8AA8400B9CFD9 = {
						CreatedOnToolsVersion = 11.3;
						TestTargetID = E21FEC0723C8AA8100B9CFD9;
					};
					E21FEC2823C8AA8400B9CFD9 = {
						CreatedOnToolsVersion = 11.3;
						TestTargetID = E21FEC0723C8AA8100B9CFD9;
					};
				};
			};
			buildConfigurationList = E21FEC0323C8AA8100B9CFD9 /* Build configuration list for PBXProject "SimpleMathGame" */;
			compatibilityVersion = "Xcode 9.3";
			developmentRegion = en;
			hasScannedForEncodings = 0;
			knownRegions = (
				en,
				Base,
			);
			mainGroup = E21FEBFF23C8AA8100B9CFD9;
			productRefGroup = E21FEC0923C8AA8100B9CFD9 /* Products */;
			projectDirPath = "";
			projectRoot = "";
			targets = (
				E21FEC0723C8AA8100B9CFD9 /* SimpleMathGame */,
				E21FEC1D23C8AA8400B9CFD9 /* SimpleMathGameTests */,
				E21FEC2823C8AA8400B9CFD9 /* SimpleMathGameUITests */,
			);
		};
/* End PBXProject section */

/* Begin PBXResourcesBuildPhase section */
		E21FEC0623C8AA8100B9CFD9 /* Resources */ = {
			isa = PBXResourcesBuildPhase;
			buildActionMask = 2147483647;
			files = (
				E21FEC1823C8AA8400B9CFD9 /* LaunchScreen.storyboard in Resources */,
				E21FEC1523C8AA8400B9CFD9 /* Assets.xcassets in Resources */,
				E21FEC1323C8AA8200B9CFD9 /* Main.storyboard in Resources */,
			);
			runOnlyForDeploymentPostprocessing = 0;
		};
		E21FEC1C23C8AA8400B9CFD9 /* Resources */ = {
			isa = PBXResourcesBuildPhase;
			buildActionMask = 2147483647;
			files = (
			);
			runOnlyForDeploymentPostprocessing = 0;
		};
		E21FEC2723C8AA8400B9CFD9 /* Resources */ = {
			isa = PBXResourcesBuildPhase;
			buildActionMask = 2147483647;
			files = (
			);
			runOnlyForDeploymentPostprocessing = 0;
		};
/* End PBXResourcesBuildPhase section */

/* Begin PBXSourcesBuildPhase section */
		E21FEC0423C8AA8100B9CFD9 /* Sources */ = {
			isa = PBXSourcesBuildPhase;
			buildActionMask = 2147483647;
			files = (
				E21FEC1023C8AA8200B9CFD9 /* ViewController.swift in Sources */,
				E21FEC0C23C8AA8200B9CFD9 /* AppDelegate.swift in Sources */,
				E21FEC0E23C8AA8200B9CFD9 /* SceneDelegate.swift in Sources */,
			);
			runOnlyForDeploymentPostprocessing = 0;
		};
		E21FEC1A23C8AA8400B9CFD9 /* Sources */ = {
			isa = PBXSourcesBuildPhase;
			buildActionMask = 2147483647;
			files = (
				E21FEC2323C8AA8400B9CFD9 /* SimpleMathGameTests.swift in Sources */,
			);
			runOnlyForDeploymentPostprocessing = 0;
		};
		E21FEC2523C8AA8400B9CFD9 /* Sources */ = {
			isa = PBXSourcesBuildPhase;
			buildActionMask = 2147483647;
			files = (
				E21FEC2E23C8AA8400B9CFD9 /* SimpleMathGameUITests.swift in Sources */,
			);
			runOnlyForDeploymentPostprocessing = 0;
		};
/* End PBXSourcesBuildPhase section */

/* Begin PBXTargetDependency section */
		E21FEC2023C8AA8400B9CFD9 /* PBXTargetDependency */ = {
			isa = PBXTargetDependency;
			target = E21FEC0723C8AA8100B9CFD9 /* SimpleMathGame */;
			targetProxy = E21FEC1F23C8AA8400B9CFD9 /* PBXContainerItemProxy */;
		};
		E21FEC2B23C8AA8400B9CFD9 /* PBXTargetDependency */ = {
			isa = PBXTargetDependency;
			target = E21FEC0723C8AA8100B9CFD9 /* SimpleMathGame */;
			targetProxy = E21FEC2A23C8AA8400B9CFD9 /* PBXContainerItemProxy */;
		};
/* End PBXTargetDependency section */

/* Begin PBXVariantGroup section */
		E21FEC1123C8AA8200B9CFD9 /* Main.storyboard */ = {
			isa = PBXVariantGroup;
			children = (
				E21FEC1223C8AA8200B9CFD9 /* Base */,
			);
			name = Main.storyboard;
			sourceTree = "<group>";
		};
		E21FEC1623C8AA8400B9CFD9 /* LaunchScreen.storyboard */ = {
			isa = PBXVariantGroup;
			children = (
				E21FEC1723C8AA8400B9CFD9 /* Base */,
			);
			name = LaunchScreen.storyboard;
			sourceTree = "<group>";
		};
/* End PBXVariantGroup section */

/* Begin XCBuildConfiguration section */
		E21FEC3023C8AA8400B9CFD9 /* Debug */ = {
			isa = XCBuildConfiguration;
			buildSettings = {
				ALWAYS_SEARCH_USER_PATHS = NO;
				CLANG_ANALYZER_NONNULL = YES;
				CLANG_ANALYZER_NUMBER_OBJECT_CONVERSION = YES_AGGRESSIVE;
				CLANG_CXX_LANGUAGE_STANDARD = "gnu++14";
				CLANG_CXX_LIBRARY = "libc++";
				CLANG_ENABLE_MODULES = YES;
				CLANG_ENABLE_OBJC_ARC = YES;
				CLANG_ENABLE_OBJC_WEAK = YES;
				CLANG_WARN_BLOCK_CAPTURE_AUTORELEASING = YES;
				CLANG_WARN_BOOL_CONVERSION = YES;
				CLANG_WARN_COMMA = YES;
				CLANG_WARN_CONSTANT_CONVERSION = YES;
				CLANG_WARN_DEPRECATED_OBJC_IMPLEMENTATIONS = YES;
				CLANG_WARN_DIRECT_OBJC_ISA_USAGE = YES_ERROR;
				CLANG_WARN_DOCUMENTATION_COMMENTS = YES;
				CLANG_WARN_EMPTY_BODY = YES;
				CLANG_WARN_ENUM_CONVERSION = YES;
				CLANG_WARN_INFINITE_RECURSION = YES;
				CLANG_WARN_INT_CONVERSION = YES;
				CLANG_WARN_NON_LITERAL_NULL_CONVERSION = YES;
				CLANG_WARN_OBJC_IMPLICIT_RETAIN_SELF = YES;
				CLANG_WARN_OBJC_LITERAL_CONVERSION = YES;
				CLANG_WARN_OBJC_ROOT_CLASS = YES_ERROR;
				CLANG_WARN_RANGE_LOOP_ANALYSIS = YES;
				CLANG_WARN_STRICT_PROTOTYPES = YES;
				CLANG_WARN_SUSPICIOUS_MOVE = YES;
				CLANG_WARN_UNGUARDED_AVAILABILITY = YES_AGGRESSIVE;
				CLANG_WARN_UNREACHABLE_CODE = YES;
				CLANG_WARN__DUPLICATE_METHOD_MATCH = YES;
				COPY_PHASE_STRIP = NO;
				DEBUG_INFORMATION_FORMAT = dwarf;
				ENABLE_STRICT_OBJC_MSGSEND = YES;
				ENABLE_TESTABILITY = YES;
				GCC_C_LANGUAGE_STANDARD = gnu11;
				GCC_DYNAMIC_NO_PIC = NO;
				GCC_NO_COMMON_BLOCKS = YES;
				GCC_OPTIMIZATION_LEVEL = 0;
				GCC_PREPROCESSOR_DEFINITIONS = (
					"DEBUG=1",
					"$(inherited)",
				);
				GCC_WARN_64_TO_32_BIT_CONVERSION = YES;
				GCC_WARN_ABOUT_RETURN_TYPE = YES_ERROR;
				GCC_WARN_UNDECLARED_SELECTOR = YES;
				GCC_WARN_UNINITIALIZED_AUTOS = YES_AGGRESSIVE;
				GCC_WARN_UNUSED_FUNCTION = YES;
				GCC_WARN_UNUSED_VARIABLE = YES;
				IPHONEOS_DEPLOYMENT_TARGET = 13.2;
				MTL_ENABLE_DEBUG_INFO = INCLUDE_SOURCE;
				MTL_FAST_MATH = YES;
				ONLY_ACTIVE_ARCH = YES;
				SDKROOT = iphoneos;
				SWIFT_ACTIVE_COMPILATION_CONDITIONS = DEBUG;
				SWIFT_OPTIMIZATION_LEVEL = "-Onone";
			};
			name = Debug;
		};
		E21FEC3123C8AA8400B9CFD9 /* Release */ = {
			isa = XCBuildConfiguration;
			buildSettings = {
				ALWAYS_SEARCH_USER_PATHS = NO;
				CLANG_ANALYZER_NONNULL = YES;
				CLANG_ANALYZER_NUMBER_OBJECT_CONVERSION = YES_AGGRESSIVE;
				CLANG_CXX_LANGUAGE_STANDARD = "gnu++14";
				CLANG_CXX_LIBRARY = "libc++";
				CLANG_ENABLE_MODULES = YES;
				CLANG_ENABLE_OBJC_ARC = YES;
				CLANG_ENABLE_OBJC_WEAK = YES;
				CLANG_WARN_BLOCK_CAPTURE_AUTORELEASING = YES;
				CLANG_WARN_BOOL_CONVERSION = YES;
				CLANG_WARN_COMMA = YES;
				CLANG_WARN_CONSTANT_CONVERSION = YES;
				CLANG_WARN_DEPRECATED_OBJC_IMPLEMENTATIONS = YES;
				CLANG_WARN_DIRECT_OBJC_ISA_USAGE = YES_ERROR;
				CLANG_WARN_DOCUMENTATION_COMMENTS = YES;
				CLANG_WARN_EMPTY_BODY = YES;
				CLANG_WARN_ENUM_CONVERSION = YES;
				CLANG_WARN_INFINITE_RECURSION = YES;
				CLANG_WARN_INT_CONVERSION = YES;
				CLANG_WARN_NON_LITERAL_NULL_CONVERSION = YES;
				CLANG_WARN_OBJC_IMPLICIT_RETAIN_SELF = YES;
				CLANG_WARN_OBJC_LITERAL_CONVERSION = YES;
				CLANG_WARN_OBJC_ROOT_CLASS = YES_ERROR;
				CLANG_WARN_RANGE_LOOP_ANALYSIS = YES;
				CLANG_WARN_STRICT_PROTOTYPES = YES;
				CLANG_WARN_SUSPICIOUS_MOVE = YES;
				CLANG_WARN_UNGUARDED_AVAILABILITY = YES_AGGRESSIVE;
				CLANG_WARN_UNREACHABLE_CODE = YES;
				CLANG_WARN__DUPLICATE_METHOD_MATCH = YES;
				COPY_PHASE_STRIP = NO;
				DEBUG_INFORMATION_FORMAT = "dwarf-with-dsym";
				ENABLE_NS_ASSERTIONS = NO;
				ENABLE_STRICT_OBJC_MSGSEND = YES;
				GCC_C_LANGUAGE_STANDARD = gnu11;
				GCC_NO_COMMON_BLOCKS = YES;
				GCC_WARN_64_TO_32_BIT_CONVERSION = YES;
				GCC_WARN_ABOUT_RETURN_TYPE = YES_ERROR;
				GCC_WARN_UNDECLARED_SELECTOR = YES;
				GCC_WARN_UNINITIALIZED_AUTOS = YES_AGGRESSIVE;
				GCC_WARN_UNUSED_FUNCTION = YES;
				GCC_WARN_UNUSED_VARIABLE = YES;
				IPHONEOS_DEPLOYMENT_TARGET = 13.2;
				MTL_ENABLE_DEBUG_INFO = NO;
				MTL_FAST_MATH = YES;
				SDKROOT = iphoneos;
				SWIFT_COMPILATION_MODE = wholemodule;
				SWIFT_OPTIMIZATION_LEVEL = "-O";
				VALIDATE_PRODUCT = YES;
			};
			name = Release;
		};
		E21FEC3323C8AA8400B9CFD9 /* Debug */ = {
			isa = XCBuildConfiguration;
			buildSettings = {
				ASSETCATALOG_COMPILER_APPICON_NAME = AppIcon;
				CODE_SIGN_STYLE = Automatic;
				INFOPLIST_FILE = SimpleMathGame/Info.plist;
				LD_RUNPATH_SEARCH_PATHS = (
					"$(inherited)",
					"@executable_path/Frameworks",
				);
				PRODUCT_BUNDLE_IDENTIFIER = com.shafiq.SimpleMathGame;
				PRODUCT_NAME = "$(TARGET_NAME)";
				SWIFT_VERSION = 5.0;
				TARGETED_DEVICE_FAMILY = "1,2";
			};
			name = Debug;
		};
		E21FEC3423C8AA8400B9CFD9 /* Release */ = {
			isa = XCBuildConfiguration;
			buildSettings = {
				ASSETCATALOG_COMPILER_APPICON_NAME = AppIcon;
				CODE_SIGN_STYLE = Automatic;
				INFOPLIST_FILE = SimpleMathGame/Info.plist;
				LD_RUNPATH_SEARCH_PATHS = (
					"$(inherited)",
					"@executable_path/Frameworks",
				);
				PRODUCT_BUNDLE_IDENTIFIER = com.shafiq.SimpleMathGame;
				PRODUCT_NAME = "$(TARGET_NAME)";
				SWIFT_VERSION = 5.0;
				TARGETED_DEVICE_FAMILY = "1,2";
			};
			name = Release;
		};
		E21FEC3623C8AA8400B9CFD9 /* Debug */ = {
			isa = XCBuildConfiguration;
			buildSettings = {
				ALWAYS_EMBED_SWIFT_STANDARD_LIBRARIES = YES;
				BUNDLE_LOADER = "$(TEST_HOST)";
				CODE_SIGN_STYLE = Automatic;
				INFOPLIST_FILE = SimpleMathGameTests/Info.plist;
				IPHONEOS_DEPLOYMENT_TARGET = 13.2;
				LD_RUNPATH_SEARCH_PATHS = (
					"$(inherited)",
					"@executable_path/Frameworks",
					"@loader_path/Frameworks",
				);
				PRODUCT_BUNDLE_IDENTIFIER = com.shafiq.SimpleMathGameTests;
				PRODUCT_NAME = "$(TARGET_NAME)";
				SWIFT_VERSION = 5.0;
				TARGETED_DEVICE_FAMILY = "1,2";
				TEST_HOST = "$(BUILT_PRODUCTS_DIR)/SimpleMathGame.app/SimpleMathGame";
			};
			name = Debug;
		};
		E21FEC3723C8AA8400B9CFD9 /* Release */ = {
			isa = XCBuildConfiguration;
			buildSettings = {
				ALWAYS_EMBED_SWIFT_STANDARD_LIBRARIES = YES;
				BUNDLE_LOADER = "$(TEST_HOST)";
				CODE_SIGN_STYLE = Automatic;
				INFOPLIST_FILE = SimpleMathGameTests/Info.plist;
				IPHONEOS_DEPLOYMENT_TARGET = 13.2;
				LD_RUNPATH_SEARCH_PATHS = (
					"$(inherited)",
					"@executable_path/Frameworks",
					"@loader_path/Frameworks",
				);
				PRODUCT_BUNDLE_IDENTIFIER = com.shafiq.SimpleMathGameTests;
				PRODUCT_NAME = "$(TARGET_NAME)";
				SWIFT_VERSION = 5.0;
				TARGETED_DEVICE_FAMILY = "1,2";
				TEST_HOST = "$(BUILT_PRODUCTS_DIR)/SimpleMathGame.app/SimpleMathGame";
			};
			name = Release;
		};
		E21FEC3923C8AA8400B9CFD9 /* Debug */ = {
			isa = XCBuildConfiguration;
			buildSettings = {
				ALWAYS_EMBED_SWIFT_STANDARD_LIBRARIES = YES;
				CODE_SIGN_STYLE = Automatic;
				INFOPLIST_FILE = SimpleMathGameUITests/Info.plist;
				LD_RUNPATH_SEARCH_PATHS = (
					"$(inherited)",
					"@executable_path/Frameworks",
					"@loader_path/Frameworks",
				);
				PRODUCT_BUNDLE_IDENTIFIER = com.shafiq.SimpleMathGameUITests;
				PRODUCT_NAME = "$(TARGET_NAME)";
				SWIFT_VERSION = 5.0;
				TARGETED_DEVICE_FAMILY = "1,2";
				TEST_TARGET_NAME = SimpleMathGame;
			};
			name = Debug;
		};
		E21FEC3A23C8AA8400B9CFD9 /* Release */ = {
			isa = XCBuildConfiguration;
			buildSettings = {
				ALWAYS_EMBED_SWIFT_STANDARD_LIBRARIES = YES;
				CODE_SIGN_STYLE = Automatic;
				INFOPLIST_FILE = SimpleMathGameUITests/Info.plist;
				LD_RUNPATH_SEARCH_PATHS = (
					"$(inherited)",
					"@executable_path/Frameworks",
					"@loader_path/Frameworks",
				);
				PRODUCT_BUNDLE_IDENTIFIER = com.shafiq.SimpleMathGameUITests;
				PRODUCT_NAME = "$(TARGET_NAME)";
				SWIFT_VERSION = 5.0;
				TARGETED_DEVICE_FAMILY = "1,2";
				TEST_TARGET_NAME = SimpleMathGame;
			};
			name = Release;
		};
/* End XCBuildConfiguration section */

/* Begin XCConfigurationList section */
		E21FEC0323C8AA8100B9CFD9 /* Build configuration list for PBXProject "SimpleMathGame" */ = {
			isa = XCConfigurationList;
			buildConfigurations = (
				E21FEC3023C8AA8400B9CFD9 /* Debug */,
				E21FEC3123C8AA8400B9CFD9 /* Release */,
			);
			defaultConfigurationIsVisible = 0;
			defaultConfigurationName = Release;
		};
		E21FEC3223C8AA8400B9CFD9 /* Build configuration list for PBXNativeTarget "SimpleMathGame" */ = {
			isa = XCConfigurationList;
			buildConfigurations = (
				E21FEC3323C8AA8400B9CFD9 /* Debug */,
				E21FEC3423C8AA8400B9CFD9 /* Release */,
			);
			defaultConfigurationIsVisible = 0;
			defaultConfigurationName = Release;
		};
		E21FEC3523C8AA8400B9CFD9 /* Build configuration list for PBXNativeTarget "SimpleMathGameTests" */ = {
			isa = XCConfigurationList;
			buildConfigurations = (
				E21FEC3623C8AA8400B9CFD9 /* Debug */,
				E21FEC3723C8AA8400B9CFD9 /* Release */,
			);
			defaultConfigurationIsVisible = 0;
			defaultConfigurationName = Release;
		};
		E21FEC3823C8AA8400B9CFD9 /* Build configuration list for PBXNativeTarget "SimpleMathGameUITests" */ = {
			isa = XCConfigurationList;
			buildConfigurations = (
				E21FEC3923C8AA8400B9CFD9 /* Debug */,
				E21FEC3A23C8AA8400B9CFD9 /* Release */,
			);
			defaultConfigurationIsVisible = 0;
			defaultConfigurationName = Release;
		};
/* End XCConfigurationList section */
	};
	rootObject = E21FEC0023C8AA8100B9CFD9 /* Project object */;
}
